
Microsoft Visual Studio Solution File, Format Version 12.00
# Visual Studio Version 16
VisualStudioVersion = 16.0.29926.136
MinimumVisualStudioVersion = 10.0.40219.1
Project("{FAE04EC0-301F-11D3-BF4B-00C04F79EFBC}") = "PruebaFarsiman", "PruebaFarsiman\PruebaFarsiman.csproj", "{62BDC9F1-4A1E-4D37-BAB7-9BD26A6E8971}"
EndProject
Project("{FAE04EC0-301F-11D3-BF4B-00C04F79EFBC}") = "Datos", "Datos\Datos.csproj", "{56CE34FD-6929-4615-B984-7F17C95B8B62}"
EndProject
Project("{FAE04EC0-301F-11D3-BF4B-00C04F79EFBC}") = "Logica", "Logica\Logica.csproj", "{FAC4653B-81DE-4AF9-BB2A-C1D7B44CC305}"
EndProject
Global
	GlobalSection(SolutionConfigurationPlatforms) = preSolution
		Debug|Any CPU = Debug|Any CPU
		Release|Any CPU = Release|Any CPU
	EndGlobalSection
	GlobalSection(ProjectConfigurationPlatforms) = postSolution
		{62BDC9F1-4A1E-4D37-BAB7-9BD26A6E8971}.Debug|Any CPU.ActiveCfg = Debug|Any CPU
		{62BDC9F1-4A1E-4D37-BAB7-9BD26A6E8971}.Debug|Any CPU.Build.0 = Debug|Any CPU
		{62BDC9F1-4A1E-4D37-BAB7-9BD26A6E8971}.Release|Any CPU.ActiveCfg = Release|Any CPU
		{62BDC9F1-4A1E-4D37-BAB7-9BD26A6E8971}.Release|Any CPU.Build.0 = Release|Any CPU
		{56CE34FD-6929-4615-B984-7F17C95B8B62}.Debug|Any CPU.ActiveCfg = Debug|Any CPU
		{56CE34FD-6929-4615-B984-7F17C95B8B62}.Debug|Any CPU.Build.0 = Debug|Any CPU
		{56CE34FD-6929-4615-B984-7F17C95B8B62}.Release|Any CPU.ActiveCfg = Release|Any CPU
		{56CE34FD-6929-4615-B984-7F17C95B8B62}.Release|Any CPU.Build.0 = Release|Any CPU
		{FAC4653B-81DE-4AF9-BB2A-C1D7B44CC305}.Debug|Any CPU.ActiveCfg = Debug|Any CPU
		{FAC4653B-81DE-4AF9-BB2A-C1D7B44CC305}.Debug|Any CPU.Build.0 = Debug|Any CPU
		{FAC4653B-81DE-4AF9-BB2A-C1D7B44CC305}.Release|Any CPU.ActiveCfg = Release|Any CPU
		{FAC4653B-81DE-4AF9-BB2A-C1D7B44CC305}.Release|Any CPU.Build.0 = Release|Any CPU
	EndGlobalSection
	GlobalSection(SolutionProperties) = preSolution
		HideSolutionNode = FALSE
	EndGlobalSection
	GlobalSection(ExtensibilityGlobals) = postSolution
		SolutionGuid = {A38DF3F0-FF87-4DC3-9BFA-DBE7CDA5BDD9}
	EndGlobalSection
EndGlobal
